
Microsoft Visual Studio Solution File, Format Version 12.00
# Visual Studio 15
VisualStudioVersion = 15.0.28307.168
MinimumVisualStudioVersion = 10.0.40219.1
Project("{D954291E-2A0B-460D-934E-DC6B0785DB48}") = "Okroma", "Okroma\Okroma.shproj", "{A0CDBD0E-3A41-42B7-9425-A838BC2C7383}"
EndProject
Project("{2150E333-8FDC-42A3-9474-1A3956D46DE8}") = "Platforms", "Platforms", "{7F7BEBFD-F9B8-429D-8ED6-4320AE1162E1}"
EndProject
Project("{FAE04EC0-301F-11D3-BF4B-00C04F79EFBC}") = "DesktopGL", "Platforms\DesktopGL\DesktopGL.csproj", "{1923D4E0-F543-4BCE-8AA1-0FBFC05E2257}"
	ProjectSection(ProjectDependencies) = postProject
		{B02DB3A8-BB6F-4821-B0C8-C7AFBDBE2E82} = {B02DB3A8-BB6F-4821-B0C8-C7AFBDBE2E82}
	EndProjectSection
EndProject
Project("{FAE04EC0-301F-11D3-BF4B-00C04F79EFBC}") = "OkromaContentPipeline", "OkromaContentPipeline\OkromaContentPipeline.csproj", "{B02DB3A8-BB6F-4821-B0C8-C7AFBDBE2E82}"
EndProject
Project("{D954291E-2A0B-460D-934E-DC6B0785DB48}") = "Cyanch", "Cyanch\Cyanch.shproj", "{46DF70C9-320F-4C46-A071-06B6B7960365}"
EndProject
Project("{2150E333-8FDC-42A3-9474-1A3956D46DE8}") = "CyanchLibrary", "CyanchLibrary", "{D6C91561-C014-4600-8FA9-D4508816120C}"
EndProject
Project("{D954291E-2A0B-460D-934E-DC6B0785DB48}") = "Okroma.TileEngine.TileProperties", "Okroma.TileEngine.TileProperties\Okroma.TileEngine.TileProperties.shproj", "{3A395638-F541-499D-B1F8-79ED7B8F9993}"
EndProject
Global
	GlobalSection(SharedMSBuildProjectFiles) = preSolution
		Cyanch\Cyanch.projitems*{1923d4e0-f543-4bce-8aa1-0fbfc05e2257}*SharedItemsImports = 4
		Okroma.TileEngine.TileProperties\Okroma.TileEngine.TileProperties.projitems*{1923d4e0-f543-4bce-8aa1-0fbfc05e2257}*SharedItemsImports = 4
		Okroma\Okroma.projitems*{1923d4e0-f543-4bce-8aa1-0fbfc05e2257}*SharedItemsImports = 4
		Okroma.TileEngine.TileProperties\Okroma.TileEngine.TileProperties.projitems*{3a395638-f541-499d-b1f8-79ed7b8f9993}*SharedItemsImports = 13
		Cyanch\Cyanch.projitems*{46df70c9-320f-4c46-a071-06b6b7960365}*SharedItemsImports = 13
		Okroma\Okroma.projitems*{a0cdbd0e-3a41-42b7-9425-a838bc2c7383}*SharedItemsImports = 13
		Okroma.TileEngine.TileProperties\Okroma.TileEngine.TileProperties.projitems*{b02db3a8-bb6f-4821-b0c8-c7afbdbe2e82}*SharedItemsImports = 4
	EndGlobalSection
	GlobalSection(SolutionConfigurationPlatforms) = preSolution
		Debug|Any CPU = Debug|Any CPU
		Release|Any CPU = Release|Any CPU
	EndGlobalSection
	GlobalSection(ProjectConfigurationPlatforms) = postSolution
		{1923D4E0-F543-4BCE-8AA1-0FBFC05E2257}.Debug|Any CPU.ActiveCfg = Debug|Any CPU
		{1923D4E0-F543-4BCE-8AA1-0FBFC05E2257}.Debug|Any CPU.Build.0 = Debug|Any CPU
		{1923D4E0-F543-4BCE-8AA1-0FBFC05E2257}.Release|Any CPU.ActiveCfg = Release|Any CPU
		{1923D4E0-F543-4BCE-8AA1-0FBFC05E2257}.Release|Any CPU.Build.0 = Release|Any CPU
		{B02DB3A8-BB6F-4821-B0C8-C7AFBDBE2E82}.Debug|Any CPU.ActiveCfg = Release|Any CPU
		{B02DB3A8-BB6F-4821-B0C8-C7AFBDBE2E82}.Debug|Any CPU.Build.0 = Release|Any CPU
		{B02DB3A8-BB6F-4821-B0C8-C7AFBDBE2E82}.Release|Any CPU.ActiveCfg = Release|Any CPU
		{B02DB3A8-BB6F-4821-B0C8-C7AFBDBE2E82}.Release|Any CPU.Build.0 = Release|Any CPU
	EndGlobalSection
	GlobalSection(SolutionProperties) = preSolution
		HideSolutionNode = FALSE
	EndGlobalSection
	GlobalSection(NestedProjects) = preSolution
		{1923D4E0-F543-4BCE-8AA1-0FBFC05E2257} = {7F7BEBFD-F9B8-429D-8ED6-4320AE1162E1}
		{46DF70C9-320F-4C46-A071-06B6B7960365} = {D6C91561-C014-4600-8FA9-D4508816120C}
	EndGlobalSection
	GlobalSection(ExtensibilityGlobals) = postSolution
		SolutionGuid = {93FD26D9-0863-4B05-BE3B-CD090A23096F}
	EndGlobalSection
EndGlobal
