
Microsoft Visual Studio Solution File, Format Version 12.00
# Visual Studio 15
VisualStudioVersion = 15.0.28307.421
MinimumVisualStudioVersion = 10.0.40219.1
Project("{D954291E-2A0B-460D-934E-DC6B0785DB48}") = "Okroma", "Okroma\Okroma.shproj", "{A0CDBD0E-3A41-42B7-9425-A838BC2C7383}"
EndProject
Project("{2150E333-8FDC-42A3-9474-1A3956D46DE8}") = "Platforms", "Platforms", "{472AD529-2B7F-45AD-B5CC-41C08593C061}"
EndProject
Project("{FAE04EC0-301F-11D3-BF4B-00C04F79EFBC}") = "DesktopGL", "Platforms\DesktopGL\DesktopGL.csproj", "{6903A5DB-31B2-4607-B5B7-23273FCD4173}"
EndProject
Project("{FAE04EC0-301F-11D3-BF4B-00C04F79EFBC}") = "Okroma.Content.Pipeline", "Okroma.Content.Pipeline\Okroma.Content.Pipeline.csproj", "{BE43D247-2F67-498A-B30A-2FDD29E1EC5E}"
EndProject
Global
	GlobalSection(SharedMSBuildProjectFiles) = preSolution
		Okroma\Okroma.projitems*{6903a5db-31b2-4607-b5b7-23273fcd4173}*SharedItemsImports = 4
		Okroma\Okroma.projitems*{a0cdbd0e-3a41-42b7-9425-a838bc2c7383}*SharedItemsImports = 13
	EndGlobalSection
	GlobalSection(SolutionConfigurationPlatforms) = preSolution
		Debug|Any CPU = Debug|Any CPU
		Release|Any CPU = Release|Any CPU
	EndGlobalSection
	GlobalSection(ProjectConfigurationPlatforms) = postSolution
		{6903A5DB-31B2-4607-B5B7-23273FCD4173}.Debug|Any CPU.ActiveCfg = Debug|Any CPU
		{6903A5DB-31B2-4607-B5B7-23273FCD4173}.Debug|Any CPU.Build.0 = Debug|Any CPU
		{6903A5DB-31B2-4607-B5B7-23273FCD4173}.Release|Any CPU.ActiveCfg = Release|Any CPU
		{6903A5DB-31B2-4607-B5B7-23273FCD4173}.Release|Any CPU.Build.0 = Release|Any CPU
		{BE43D247-2F67-498A-B30A-2FDD29E1EC5E}.Debug|Any CPU.ActiveCfg = Debug|Any CPU
		{BE43D247-2F67-498A-B30A-2FDD29E1EC5E}.Debug|Any CPU.Build.0 = Debug|Any CPU
		{BE43D247-2F67-498A-B30A-2FDD29E1EC5E}.Release|Any CPU.ActiveCfg = Release|Any CPU
		{BE43D247-2F67-498A-B30A-2FDD29E1EC5E}.Release|Any CPU.Build.0 = Release|Any CPU
	EndGlobalSection
	GlobalSection(SolutionProperties) = preSolution
		HideSolutionNode = FALSE
	EndGlobalSection
	GlobalSection(NestedProjects) = preSolution
		{6903A5DB-31B2-4607-B5B7-23273FCD4173} = {472AD529-2B7F-45AD-B5CC-41C08593C061}
	EndGlobalSection
	GlobalSection(ExtensibilityGlobals) = postSolution
		SolutionGuid = {796E89FF-D0C1-49D5-BAEC-0747ACC6831D}
	EndGlobalSection
EndGlobal
